
Microsoft Visual Studio Solution File, Format Version 12.00
# Visual Studio Version 17
VisualStudioVersion = 17.0.31903.59
MinimumVisualStudioVersion = 10.0.40219.1
Project("{2150E333-8FDC-42A3-9474-1A3956D46DE8}") = "src", "src", "{C77F73F2-411F-4B99-8E58-3EC1D5800862}"
EndProject
Project("{2150E333-8FDC-42A3-9474-1A3956D46DE8}") = "Modules", "Modules", "{7CF34524-4CCF-49F2-BDEE-B5A610C6389C}"
EndProject
Project("{FAE04EC0-301F-11D3-BF4B-00C04F79EFBC}") = "XMobile.Tracking.Engine", "src\Modules\XMobile.Tracking.Engine\XMobile.Tracking.Engine.csproj", "{1A4FACA2-D486-4768-A82B-539A9CB73C05}"
EndProject
Project("{2150E333-8FDC-42A3-9474-1A3956D46DE8}") = "tests", "tests", "{D9CA8479-5924-4B00-8D52-DBECAD564487}"
EndProject
Project("{FAE04EC0-301F-11D3-BF4B-00C04F79EFBC}") = "XMobile.Tracking.Engine.Tests", "tests\XMobile.Tracking.Engine.Tests\XMobile.Tracking.Engine.Tests.csproj", "{41E54B71-CDEE-4F47-8EF1-789F606A6F76}"
EndProject
Project("{FAE04EC0-301F-11D3-BF4B-00C04F79EFBC}") = "XInfo.Gateway.Contracts", "src\XInfo.Gateway.Contracts\XInfo.Gateway.Contracts.csproj", "{C26CCB1B-3B95-40CA-9FB1-2D565184C32F}"
EndProject
Project("{FAE04EC0-301F-11D3-BF4B-00C04F79EFBC}") = "XInfo.Gateway.Data", "src\XInfo.Gateway.Data\XInfo.Gateway.Data.csproj", "{5E48A8C5-5342-45F1-AE5F-2DB112339149}"
EndProject
Project("{FAE04EC0-301F-11D3-BF4B-00C04F79EFBC}") = "XInfo.Gateway.Api", "src\XInfo.Gateway.Api\XInfo.Gateway.Api.csproj", "{AB781692-FD7B-4575-82C5-E513F2ED244D}"
EndProject
Project("{FAE04EC0-301F-11D3-BF4B-00C04F79EFBC}") = "XInfo.Gateway.Tests", "tests\XInfo.Gateway.Tests\XInfo.Gateway.Tests.csproj", "{C9D45C3F-C426-4331-AE22-AC1FFF55BD42}"
EndProject
Project("{FAE04EC0-301F-11D3-BF4B-00C04F79EFBC}") = "XMobile.Shared", "src\XMobile.Shared\XMobile.Shared.csproj", "{F0B7B348-7E16-4728-9180-C5E6784A6F24}"
EndProject
Project("{FAE04EC0-301F-11D3-BF4B-00C04F79EFBC}") = "XMobile.Persistence", "src\XMobile.Persistence\XMobile.Persistence.csproj", "{D4D1C71E-DE3D-4F56-9E04-03A5286CB362}"
EndProject
Project("{FAE04EC0-301F-11D3-BF4B-00C04F79EFBC}") = "XMobile.Identity", "src\Modules\XMobile.Identity\XMobile.Identity.csproj", "{07FF251C-FFB0-4BDA-B7C8-4C322AA0A026}"
EndProject
Project("{FAE04EC0-301F-11D3-BF4B-00C04F79EFBC}") = "XMobile.Customers", "src\Modules\XMobile.Customers\XMobile.Customers.csproj", "{B09150FA-EBEF-4DA4-A2AA-3C985CCCB28E}"
EndProject
Project("{FAE04EC0-301F-11D3-BF4B-00C04F79EFBC}") = "XMobile.Planning", "src\Modules\XMobile.Planning\XMobile.Planning.csproj", "{A5F643C6-6CD0-4FDA-96FB-4006B79C5D95}"
EndProject
Project("{FAE04EC0-301F-11D3-BF4B-00C04F79EFBC}") = "XMobile.Visits", "src\Modules\XMobile.Visits\XMobile.Visits.csproj", "{BE93C26E-C78C-4F51-8FBA-38EBF177F885}"
EndProject
Project("{FAE04EC0-301F-11D3-BF4B-00C04F79EFBC}") = "XMobile.Api", "src\XMobile.Api\XMobile.Api.csproj", "{A9CC0986-EC2B-440D-964C-6C83C5CDBDDD}"
EndProject
Project("{FAE04EC0-301F-11D3-BF4B-00C04F79EFBC}") = "XMobile.Api.Tests", "tests\XMobile.Api.Tests\XMobile.Api.Tests.csproj", "{8D032483-F813-4D71-B609-89B5FB7FAB18}"
EndProject
Project("{FAE04EC0-301F-11D3-BF4B-00C04F79EFBC}") = "XMobile.Sync", "src\Modules\XMobile.Sync\XMobile.Sync.csproj", "{B9C61EC2-E0CB-4928-9321-29948EDC205A}"
EndProject
Global
	GlobalSection(SolutionConfigurationPlatforms) = preSolution
		Debug|Any CPU = Debug|Any CPU
		Debug|x64 = Debug|x64
		Debug|x86 = Debug|x86
		Release|Any CPU = Release|Any CPU
		Release|x64 = Release|x64
		Release|x86 = Release|x86
	EndGlobalSection
	GlobalSection(ProjectConfigurationPlatforms) = postSolution
		{1A4FACA2-D486-4768-A82B-539A9CB73C05}.Debug|Any CPU.ActiveCfg = Debug|Any CPU
		{1A4FACA2-D486-4768-A82B-539A9CB73C05}.Debug|Any CPU.Build.0 = Debug|Any CPU
		{1A4FACA2-D486-4768-A82B-539A9CB73C05}.Debug|x64.ActiveCfg = Debug|Any CPU
		{1A4FACA2-D486-4768-A82B-539A9CB73C05}.Debug|x64.Build.0 = Debug|Any CPU
		{1A4FACA2-D486-4768-A82B-539A9CB73C05}.Debug|x86.ActiveCfg = Debug|Any CPU
		{1A4FACA2-D486-4768-A82B-539A9CB73C05}.Debug|x86.Build.0 = Debug|Any CPU
		{1A4FACA2-D486-4768-A82B-539A9CB73C05}.Release|Any CPU.ActiveCfg = Release|Any CPU
		{1A4FACA2-D486-4768-A82B-539A9CB73C05}.Release|Any CPU.Build.0 = Release|Any CPU
		{1A4FACA2-D486-4768-A82B-539A9CB73C05}.Release|x64.ActiveCfg = Release|Any CPU
		{1A4FACA2-D486-4768-A82B-539A9CB73C05}.Release|x64.Build.0 = Release|Any CPU
		{1A4FACA2-D486-4768-A82B-539A9CB73C05}.Release|x86.ActiveCfg = Release|Any CPU
		{1A4FACA2-D486-4768-A82B-539A9CB73C05}.Release|x86.Build.0 = Release|Any CPU
		{41E54B71-CDEE-4F47-8EF1-789F606A6F76}.Debug|Any CPU.ActiveCfg = Debug|Any CPU
		{41E54B71-CDEE-4F47-8EF1-789F606A6F76}.Debug|Any CPU.Build.0 = Debug|Any CPU
		{41E54B71-CDEE-4F47-8EF1-789F606A6F76}.Debug|x64.ActiveCfg = Debug|Any CPU
		{41E54B71-CDEE-4F47-8EF1-789F606A6F76}.Debug|x64.Build.0 = Debug|Any CPU
		{41E54B71-CDEE-4F47-8EF1-789F606A6F76}.Debug|x86.ActiveCfg = Debug|Any CPU
		{41E54B71-CDEE-4F47-8EF1-789F606A6F76}.Debug|x86.Build.0 = Debug|Any CPU
		{41E54B71-CDEE-4F47-8EF1-789F606A6F76}.Release|Any CPU.ActiveCfg = Release|Any CPU
		{41E54B71-CDEE-4F47-8EF1-789F606A6F76}.Release|Any CPU.Build.0 = Release|Any CPU
		{41E54B71-CDEE-4F47-8EF1-789F606A6F76}.Release|x64.ActiveCfg = Release|Any CPU
		{41E54B71-CDEE-4F47-8EF1-789F606A6F76}.Release|x64.Build.0 = Release|Any CPU
		{41E54B71-CDEE-4F47-8EF1-789F606A6F76}.Release|x86.ActiveCfg = Release|Any CPU
		{41E54B71-CDEE-4F47-8EF1-789F606A6F76}.Release|x86.Build.0 = Release|Any CPU
		{C26CCB1B-3B95-40CA-9FB1-2D565184C32F}.Debug|Any CPU.ActiveCfg = Debug|Any CPU
		{C26CCB1B-3B95-40CA-9FB1-2D565184C32F}.Debug|Any CPU.Build.0 = Debug|Any CPU
		{C26CCB1B-3B95-40CA-9FB1-2D565184C32F}.Debug|x64.ActiveCfg = Debug|Any CPU
		{C26CCB1B-3B95-40CA-9FB1-2D565184C32F}.Debug|x64.Build.0 = Debug|Any CPU
		{C26CCB1B-3B95-40CA-9FB1-2D565184C32F}.Debug|x86.ActiveCfg = Debug|Any CPU
		{C26CCB1B-3B95-40CA-9FB1-2D565184C32F}.Debug|x86.Build.0 = Debug|Any CPU
		{C26CCB1B-3B95-40CA-9FB1-2D565184C32F}.Release|Any CPU.ActiveCfg = Release|Any CPU
		{C26CCB1B-3B95-40CA-9FB1-2D565184C32F}.Release|Any CPU.Build.0 = Release|Any CPU
		{C26CCB1B-3B95-40CA-9FB1-2D565184C32F}.Release|x64.ActiveCfg = Release|Any CPU
		{C26CCB1B-3B95-40CA-9FB1-2D565184C32F}.Release|x64.Build.0 = Release|Any CPU
		{C26CCB1B-3B95-40CA-9FB1-2D565184C32F}.Release|x86.ActiveCfg = Release|Any CPU
		{C26CCB1B-3B95-40CA-9FB1-2D565184C32F}.Release|x86.Build.0 = Release|Any CPU
		{5E48A8C5-5342-45F1-AE5F-2DB112339149}.Debug|Any CPU.ActiveCfg = Debug|Any CPU
		{5E48A8C5-5342-45F1-AE5F-2DB112339149}.Debug|Any CPU.Build.0 = Debug|Any CPU
		{5E48A8C5-5342-45F1-AE5F-2DB112339149}.Debug|x64.ActiveCfg = Debug|Any CPU
		{5E48A8C5-5342-45F1-AE5F-2DB112339149}.Debug|x64.Build.0 = Debug|Any CPU
		{5E48A8C5-5342-45F1-AE5F-2DB112339149}.Debug|x86.ActiveCfg = Debug|Any CPU
		{5E48A8C5-5342-45F1-AE5F-2DB112339149}.Debug|x86.Build.0 = Debug|Any CPU
		{5E48A8C5-5342-45F1-AE5F-2DB112339149}.Release|Any CPU.ActiveCfg = Release|Any CPU
		{5E48A8C5-5342-45F1-AE5F-2DB112339149}.Release|Any CPU.Build.0 = Release|Any CPU
		{5E48A8C5-5342-45F1-AE5F-2DB112339149}.Release|x64.ActiveCfg = Release|Any CPU
		{5E48A8C5-5342-45F1-AE5F-2DB112339149}.Release|x64.Build.0 = Release|Any CPU
		{5E48A8C5-5342-45F1-AE5F-2DB112339149}.Release|x86.ActiveCfg = Release|Any CPU
		{5E48A8C5-5342-45F1-AE5F-2DB112339149}.Release|x86.Build.0 = Release|Any CPU
		{AB781692-FD7B-4575-82C5-E513F2ED244D}.Debug|Any CPU.ActiveCfg = Debug|Any CPU
		{AB781692-FD7B-4575-82C5-E513F2ED244D}.Debug|Any CPU.Build.0 = Debug|Any CPU
		{AB781692-FD7B-4575-82C5-E513F2ED244D}.Debug|x64.ActiveCfg = Debug|Any CPU
		{AB781692-FD7B-4575-82C5-E513F2ED244D}.Debug|x64.Build.0 = Debug|Any CPU
		{AB781692-FD7B-4575-82C5-E513F2ED244D}.Debug|x86.ActiveCfg = Debug|Any CPU
		{AB781692-FD7B-4575-82C5-E513F2ED244D}.Debug|x86.Build.0 = Debug|Any CPU
		{AB781692-FD7B-4575-82C5-E513F2ED244D}.Release|Any CPU.ActiveCfg = Release|Any CPU
		{AB781692-FD7B-4575-82C5-E513F2ED244D}.Release|Any CPU.Build.0 = Release|Any CPU
		{AB781692-FD7B-4575-82C5-E513F2ED244D}.Release|x64.ActiveCfg = Release|Any CPU
		{AB781692-FD7B-4575-82C5-E513F2ED244D}.Release|x64.Build.0 = Release|Any CPU
		{AB781692-FD7B-4575-82C5-E513F2ED244D}.Release|x86.ActiveCfg = Release|Any CPU
		{AB781692-FD7B-4575-82C5-E513F2ED244D}.Release|x86.Build.0 = Release|Any CPU
		{C9D45C3F-C426-4331-AE22-AC1FFF55BD42}.Debug|Any CPU.ActiveCfg = Debug|Any CPU
		{C9D45C3F-C426-4331-AE22-AC1FFF55BD42}.Debug|Any CPU.Build.0 = Debug|Any CPU
		{C9D45C3F-C426-4331-AE22-AC1FFF55BD42}.Debug|x64.ActiveCfg = Debug|Any CPU
		{C9D45C3F-C426-4331-AE22-AC1FFF55BD42}.Debug|x64.Build.0 = Debug|Any CPU
		{C9D45C3F-C426-4331-AE22-AC1FFF55BD42}.Debug|x86.ActiveCfg = Debug|Any CPU
		{C9D45C3F-C426-4331-AE22-AC1FFF55BD42}.Debug|x86.Build.0 = Debug|Any CPU
		{C9D45C3F-C426-4331-AE22-AC1FFF55BD42}.Release|Any CPU.ActiveCfg = Release|Any CPU
		{C9D45C3F-C426-4331-AE22-AC1FFF55BD42}.Release|Any CPU.Build.0 = Release|Any CPU
		{C9D45C3F-C426-4331-AE22-AC1FFF55BD42}.Release|x64.ActiveCfg = Release|Any CPU
		{C9D45C3F-C426-4331-AE22-AC1FFF55BD42}.Release|x64.Build.0 = Release|Any CPU
		{C9D45C3F-C426-4331-AE22-AC1FFF55BD42}.Release|x86.ActiveCfg = Release|Any CPU
		{C9D45C3F-C426-4331-AE22-AC1FFF55BD42}.Release|x86.Build.0 = Release|Any CPU
		{F0B7B348-7E16-4728-9180-C5E6784A6F24}.Debug|Any CPU.ActiveCfg = Debug|Any CPU
		{F0B7B348-7E16-4728-9180-C5E6784A6F24}.Debug|Any CPU.Build.0 = Debug|Any CPU
		{F0B7B348-7E16-4728-9180-C5E6784A6F24}.Debug|x64.ActiveCfg = Debug|Any CPU
		{F0B7B348-7E16-4728-9180-C5E6784A6F24}.Debug|x64.Build.0 = Debug|Any CPU
		{F0B7B348-7E16-4728-9180-C5E6784A6F24}.Debug|x86.ActiveCfg = Debug|Any CPU
		{F0B7B348-7E16-4728-9180-C5E6784A6F24}.Debug|x86.Build.0 = Debug|Any CPU
		{F0B7B348-7E16-4728-9180-C5E6784A6F24}.Release|Any CPU.ActiveCfg = Release|Any CPU
		{F0B7B348-7E16-4728-9180-C5E6784A6F24}.Release|Any CPU.Build.0 = Release|Any CPU
		{F0B7B348-7E16-4728-9180-C5E6784A6F24}.Release|x64.ActiveCfg = Release|Any CPU
		{F0B7B348-7E16-4728-9180-C5E6784A6F24}.Release|x64.Build.0 = Release|Any CPU
		{F0B7B348-7E16-4728-9180-C5E6784A6F24}.Release|x86.ActiveCfg = Release|Any CPU
		{F0B7B348-7E16-4728-9180-C5E6784A6F24}.Release|x86.Build.0 = Release|Any CPU
		{D4D1C71E-DE3D-4F56-9E04-03A5286CB362}.Debug|Any CPU.ActiveCfg = Debug|Any CPU
		{D4D1C71E-DE3D-4F56-9E04-03A5286CB362}.Debug|Any CPU.Build.0 = Debug|Any CPU
		{D4D1C71E-DE3D-4F56-9E04-03A5286CB362}.Debug|x64.ActiveCfg = Debug|Any CPU
		{D4D1C71E-DE3D-4F56-9E04-03A5286CB362}.Debug|x64.Build.0 = Debug|Any CPU
		{D4D1C71E-DE3D-4F56-9E04-03A5286CB362}.Debug|x86.ActiveCfg = Debug|Any CPU
		{D4D1C71E-DE3D-4F56-9E04-03A5286CB362}.Debug|x86.Build.0 = Debug|Any CPU
		{D4D1C71E-DE3D-4F56-9E04-03A5286CB362}.Release|Any CPU.ActiveCfg = Release|Any CPU
		{D4D1C71E-DE3D-4F56-9E04-03A5286CB362}.Release|Any CPU.Build.0 = Release|Any CPU
		{D4D1C71E-DE3D-4F56-9E04-03A5286CB362}.Release|x64.ActiveCfg = Release|Any CPU
		{D4D1C71E-DE3D-4F56-9E04-03A5286CB362}.Release|x64.Build.0 = Release|Any CPU
		{D4D1C71E-DE3D-4F56-9E04-03A5286CB362}.Release|x86.ActiveCfg = Release|Any CPU
		{D4D1C71E-DE3D-4F56-9E04-03A5286CB362}.Release|x86.Build.0 = Release|Any CPU
		{07FF251C-FFB0-4BDA-B7C8-4C322AA0A026}.Debug|Any CPU.ActiveCfg = Debug|Any CPU
		{07FF251C-FFB0-4BDA-B7C8-4C322AA0A026}.Debug|Any CPU.Build.0 = Debug|Any CPU
		{07FF251C-FFB0-4BDA-B7C8-4C322AA0A026}.Debug|x64.ActiveCfg = Debug|Any CPU
		{07FF251C-FFB0-4BDA-B7C8-4C322AA0A026}.Debug|x64.Build.0 = Debug|Any CPU
		{07FF251C-FFB0-4BDA-B7C8-4C322AA0A026}.Debug|x86.ActiveCfg = Debug|Any CPU
		{07FF251C-FFB0-4BDA-B7C8-4C322AA0A026}.Debug|x86.Build.0 = Debug|Any CPU
		{07FF251C-FFB0-4BDA-B7C8-4C322AA0A026}.Release|Any CPU.ActiveCfg = Release|Any CPU
		{07FF251C-FFB0-4BDA-B7C8-4C322AA0A026}.Release|Any CPU.Build.0 = Release|Any CPU
		{07FF251C-FFB0-4BDA-B7C8-4C322AA0A026}.Release|x64.ActiveCfg = Release|Any CPU
		{07FF251C-FFB0-4BDA-B7C8-4C322AA0A026}.Release|x64.Build.0 = Release|Any CPU
		{07FF251C-FFB0-4BDA-B7C8-4C322AA0A026}.Release|x86.ActiveCfg = Release|Any CPU
		{07FF251C-FFB0-4BDA-B7C8-4C322AA0A026}.Release|x86.Build.0 = Release|Any CPU
		{B09150FA-EBEF-4DA4-A2AA-3C985CCCB28E}.Debug|Any CPU.ActiveCfg = Debug|Any CPU
		{B09150FA-EBEF-4DA4-A2AA-3C985CCCB28E}.Debug|Any CPU.Build.0 = Debug|Any CPU
		{B09150FA-EBEF-4DA4-A2AA-3C985CCCB28E}.Debug|x64.ActiveCfg = Debug|Any CPU
		{B09150FA-EBEF-4DA4-A2AA-3C985CCCB28E}.Debug|x64.Build.0 = Debug|Any CPU
		{B09150FA-EBEF-4DA4-A2AA-3C985CCCB28E}.Debug|x86.ActiveCfg = Debug|Any CPU
		{B09150FA-EBEF-4DA4-A2AA-3C985CCCB28E}.Debug|x86.Build.0 = Debug|Any CPU
		{B09150FA-EBEF-4DA4-A2AA-3C985CCCB28E}.Release|Any CPU.ActiveCfg = Release|Any CPU
		{B09150FA-EBEF-4DA4-A2AA-3C985CCCB28E}.Release|Any CPU.Build.0 = Release|Any CPU
		{B09150FA-EBEF-4DA4-A2AA-3C985CCCB28E}.Release|x64.ActiveCfg = Release|Any CPU
		{B09150FA-EBEF-4DA4-A2AA-3C985CCCB28E}.Release|x64.Build.0 = Release|Any CPU
		{B09150FA-EBEF-4DA4-A2AA-3C985CCCB28E}.Release|x86.ActiveCfg = Release|Any CPU
		{B09150FA-EBEF-4DA4-A2AA-3C985CCCB28E}.Release|x86.Build.0 = Release|Any CPU
		{A5F643C6-6CD0-4FDA-96FB-4006B79C5D95}.Debug|Any CPU.ActiveCfg = Debug|Any CPU
		{A5F643C6-6CD0-4FDA-96FB-4006B79C5D95}.Debug|Any CPU.Build.0 = Debug|Any CPU
		{A5F643C6-6CD0-4FDA-96FB-4006B79C5D95}.Debug|x64.ActiveCfg = Debug|Any CPU
		{A5F643C6-6CD0-4FDA-96FB-4006B79C5D95}.Debug|x64.Build.0 = Debug|Any CPU
		{A5F643C6-6CD0-4FDA-96FB-4006B79C5D95}.Debug|x86.ActiveCfg = Debug|Any CPU
		{A5F643C6-6CD0-4FDA-96FB-4006B79C5D95}.Debug|x86.Build.0 = Debug|Any CPU
		{A5F643C6-6CD0-4FDA-96FB-4006B79C5D95}.Release|Any CPU.ActiveCfg = Release|Any CPU
		{A5F643C6-6CD0-4FDA-96FB-4006B79C5D95}.Release|Any CPU.Build.0 = Release|Any CPU
		{A5F643C6-6CD0-4FDA-96FB-4006B79C5D95}.Release|x64.ActiveCfg = Release|Any CPU
		{A5F643C6-6CD0-4FDA-96FB-4006B79C5D95}.Release|x64.Build.0 = Release|Any CPU
		{A5F643C6-6CD0-4FDA-96FB-4006B79C5D95}.Release|x86.ActiveCfg = Release|Any CPU
		{A5F643C6-6CD0-4FDA-96FB-4006B79C5D95}.Release|x86.Build.0 = Release|Any CPU
		{BE93C26E-C78C-4F51-8FBA-38EBF177F885}.Debug|Any CPU.ActiveCfg = Debug|Any CPU
		{BE93C26E-C78C-4F51-8FBA-38EBF177F885}.Debug|Any CPU.Build.0 = Debug|Any CPU
		{BE93C26E-C78C-4F51-8FBA-38EBF177F885}.Debug|x64.ActiveCfg = Debug|Any CPU
		{BE93C26E-C78C-4F51-8FBA-38EBF177F885}.Debug|x64.Build.0 = Debug|Any CPU
		{BE93C26E-C78C-4F51-8FBA-38EBF177F885}.Debug|x86.ActiveCfg = Debug|Any CPU
		{BE93C26E-C78C-4F51-8FBA-38EBF177F885}.Debug|x86.Build.0 = Debug|Any CPU
		{BE93C26E-C78C-4F51-8FBA-38EBF177F885}.Release|Any CPU.ActiveCfg = Release|Any CPU
		{BE93C26E-C78C-4F51-8FBA-38EBF177F885}.Release|Any CPU.Build.0 = Release|Any CPU
		{BE93C26E-C78C-4F51-8FBA-38EBF177F885}.Release|x64.ActiveCfg = Release|Any CPU
		{BE93C26E-C78C-4F51-8FBA-38EBF177F885}.Release|x64.Build.0 = Release|Any CPU
		{BE93C26E-C78C-4F51-8FBA-38EBF177F885}.Release|x86.ActiveCfg = Release|Any CPU
		{BE93C26E-C78C-4F51-8FBA-38EBF177F885}.Release|x86.Build.0 = Release|Any CPU
		{A9CC0986-EC2B-440D-964C-6C83C5CDBDDD}.Debug|Any CPU.ActiveCfg = Debug|Any CPU
		{A9CC0986-EC2B-440D-964C-6C83C5CDBDDD}.Debug|Any CPU.Build.0 = Debug|Any CPU
		{A9CC0986-EC2B-440D-964C-6C83C5CDBDDD}.Debug|x64.ActiveCfg = Debug|Any CPU
		{A9CC0986-EC2B-440D-964C-6C83C5CDBDDD}.Debug|x64.Build.0 = Debug|Any CPU
		{A9CC0986-EC2B-440D-964C-6C83C5CDBDDD}.Debug|x86.ActiveCfg = Debug|Any CPU
		{A9CC0986-EC2B-440D-964C-6C83C5CDBDDD}.Debug|x86.Build.0 = Debug|Any CPU
		{A9CC0986-EC2B-440D-964C-6C83C5CDBDDD}.Release|Any CPU.ActiveCfg = Release|Any CPU
		{A9CC0986-EC2B-440D-964C-6C83C5CDBDDD}.Release|Any CPU.Build.0 = Release|Any CPU
		{A9CC0986-EC2B-440D-964C-6C83C5CDBDDD}.Release|x64.ActiveCfg = Release|Any CPU
		{A9CC0986-EC2B-440D-964C-6C83C5CDBDDD}.Release|x64.Build.0 = Release|Any CPU
		{A9CC0986-EC2B-440D-964C-6C83C5CDBDDD}.Release|x86.ActiveCfg = Release|Any CPU
		{A9CC0986-EC2B-440D-964C-6C83C5CDBDDD}.Release|x86.Build.0 = Release|Any CPU
		{8D032483-F813-4D71-B609-89B5FB7FAB18}.Debug|Any CPU.ActiveCfg = Debug|Any CPU
		{8D032483-F813-4D71-B609-89B5FB7FAB18}.Debug|Any CPU.Build.0 = Debug|Any CPU
		{8D032483-F813-4D71-B609-89B5FB7FAB18}.Debug|x64.ActiveCfg = Debug|Any CPU
		{8D032483-F813-4D71-B609-89B5FB7FAB18}.Debug|x64.Build.0 = Debug|Any CPU
		{8D032483-F813-4D71-B609-89B5FB7FAB18}.Debug|x86.ActiveCfg = Debug|Any CPU
		{8D032483-F813-4D71-B609-89B5FB7FAB18}.Debug|x86.Build.0 = Debug|Any CPU
		{8D032483-F813-4D71-B609-89B5FB7FAB18}.Release|Any CPU.ActiveCfg = Release|Any CPU
		{8D032483-F813-4D71-B609-89B5FB7FAB18}.Release|Any CPU.Build.0 = Release|Any CPU
		{8D032483-F813-4D71-B609-89B5FB7FAB18}.Release|x64.ActiveCfg = Release|Any CPU
		{8D032483-F813-4D71-B609-89B5FB7FAB18}.Release|x64.Build.0 = Release|Any CPU
		{8D032483-F813-4D71-B609-89B5FB7FAB18}.Release|x86.ActiveCfg = Release|Any CPU
		{8D032483-F813-4D71-B609-89B5FB7FAB18}.Release|x86.Build.0 = Release|Any CPU
		{B9C61EC2-E0CB-4928-9321-29948EDC205A}.Debug|Any CPU.ActiveCfg = Debug|Any CPU
		{B9C61EC2-E0CB-4928-9321-29948EDC205A}.Debug|Any CPU.Build.0 = Debug|Any CPU
		{B9C61EC2-E0CB-4928-9321-29948EDC205A}.Debug|x64.ActiveCfg = Debug|Any CPU
		{B9C61EC2-E0CB-4928-9321-29948EDC205A}.Debug|x64.Build.0 = Debug|Any CPU
		{B9C61EC2-E0CB-4928-9321-29948EDC205A}.Debug|x86.ActiveCfg = Debug|Any CPU
		{B9C61EC2-E0CB-4928-9321-29948EDC205A}.Debug|x86.Build.0 = Debug|Any CPU
		{B9C61EC2-E0CB-4928-9321-29948EDC205A}.Release|Any CPU.ActiveCfg = Release|Any CPU
		{B9C61EC2-E0CB-4928-9321-29948EDC205A}.Release|Any CPU.Build.0 = Release|Any CPU
		{B9C61EC2-E0CB-4928-9321-29948EDC205A}.Release|x64.ActiveCfg = Release|Any CPU
		{B9C61EC2-E0CB-4928-9321-29948EDC205A}.Release|x64.Build.0 = Release|Any CPU
		{B9C61EC2-E0CB-4928-9321-29948EDC205A}.Release|x86.ActiveCfg = Release|Any CPU
		{B9C61EC2-E0CB-4928-9321-29948EDC205A}.Release|x86.Build.0 = Release|Any CPU
	EndGlobalSection
	GlobalSection(SolutionProperties) = preSolution
		HideSolutionNode = FALSE
	EndGlobalSection
	GlobalSection(NestedProjects) = preSolution
		{7CF34524-4CCF-49F2-BDEE-B5A610C6389C} = {C77F73F2-411F-4B99-8E58-3EC1D5800862}
		{1A4FACA2-D486-4768-A82B-539A9CB73C05} = {7CF34524-4CCF-49F2-BDEE-B5A610C6389C}
		{41E54B71-CDEE-4F47-8EF1-789F606A6F76} = {D9CA8479-5924-4B00-8D52-DBECAD564487}
		{C26CCB1B-3B95-40CA-9FB1-2D565184C32F} = {C77F73F2-411F-4B99-8E58-3EC1D5800862}
		{5E48A8C5-5342-45F1-AE5F-2DB112339149} = {C77F73F2-411F-4B99-8E58-3EC1D5800862}
		{AB781692-FD7B-4575-82C5-E513F2ED244D} = {C77F73F2-411F-4B99-8E58-3EC1D5800862}
		{C9D45C3F-C426-4331-AE22-AC1FFF55BD42} = {D9CA8479-5924-4B00-8D52-DBECAD564487}
		{F0B7B348-7E16-4728-9180-C5E6784A6F24} = {C77F73F2-411F-4B99-8E58-3EC1D5800862}
		{D4D1C71E-DE3D-4F56-9E04-03A5286CB362} = {C77F73F2-411F-4B99-8E58-3EC1D5800862}
		{07FF251C-FFB0-4BDA-B7C8-4C322AA0A026} = {C77F73F2-411F-4B99-8E58-3EC1D5800862}
		{B09150FA-EBEF-4DA4-A2AA-3C985CCCB28E} = {C77F73F2-411F-4B99-8E58-3EC1D5800862}
		{A5F643C6-6CD0-4FDA-96FB-4006B79C5D95} = {C77F73F2-411F-4B99-8E58-3EC1D5800862}
		{BE93C26E-C78C-4F51-8FBA-38EBF177F885} = {C77F73F2-411F-4B99-8E58-3EC1D5800862}
		{A9CC0986-EC2B-440D-964C-6C83C5CDBDDD} = {C77F73F2-411F-4B99-8E58-3EC1D5800862}
		{8D032483-F813-4D71-B609-89B5FB7FAB18} = {C77F73F2-411F-4B99-8E58-3EC1D5800862}
		{B9C61EC2-E0CB-4928-9321-29948EDC205A} = {C77F73F2-411F-4B99-8E58-3EC1D5800862}
	EndGlobalSection
EndGlobal
